
Microsoft Visual Studio Solution File, Format Version 12.00
# Visual Studio Version 17
VisualStudioVersion = 17.10.34928.147
MinimumVisualStudioVersion = 10.0.40219.1
Project("{FAE04EC0-301F-11D3-BF4B-00C04F79EFBC}") = "Intelligent-Document-Processing-and-Analysis-API", "Intelligent-Document-Processing-and-Analysis-API.csproj", "{93E5FF2D-4941-4EDB-ABFE-6A25AE127191}"
EndProject
Global
	GlobalSection(SolutionConfigurationPlatforms) = preSolution
		Debug|Any CPU = Debug|Any CPU
		Release|Any CPU = Release|Any CPU
	EndGlobalSection
	GlobalSection(ProjectConfigurationPlatforms) = postSolution
		{93E5FF2D-4941-4EDB-ABFE-6A25AE127191}.Debug|Any CPU.ActiveCfg = Debug|Any CPU
		{93E5FF2D-4941-4EDB-ABFE-6A25AE127191}.Debug|Any CPU.Build.0 = Debug|Any CPU
		{93E5FF2D-4941-4EDB-ABFE-6A25AE127191}.Release|Any CPU.ActiveCfg = Release|Any CPU
		{93E5FF2D-4941-4EDB-ABFE-6A25AE127191}.Release|Any CPU.Build.0 = Release|Any CPU
	EndGlobalSection
	GlobalSection(SolutionProperties) = preSolution
		HideSolutionNode = FALSE
	EndGlobalSection
	GlobalSection(ExtensibilityGlobals) = postSolution
		SolutionGuid = {F4CE4AC3-E117-4187-BD41-D43B5CF849A2}
	EndGlobalSection
EndGlobal
